speakeasyVersion: 1.796.4
sources:
    Mollie API:
        sourceNamespace: mollie-api
        sourceRevisionDigest: sha256:cf2f837ec5ee9bc16f6360f2d7ef293e25a1b94418c138f3d19090fccba0046a
        sourceBlobDigest: sha256:e8542dac52a491cb1209152b8025275111bef4e1657429c3ce9f77db34bfa18d
        tags:
            - latest
            - 1.0.0
targets:
    client:
        source: Mollie API
        sourceNamespace: mollie-api
        sourceRevisionDigest: sha256:cf2f837ec5ee9bc16f6360f2d7ef293e25a1b94418c138f3d19090fccba0046a
        sourceBlobDigest: sha256:e8542dac52a491cb1209152b8025275111bef4e1657429c3ce9f77db34bfa18d
        codeSamplesNamespace: mollie-api-python-code-samples
        codeSamplesRevisionDigest: sha256:60e1828a1098a9d1ea603849dd5ca64bf387b7e0bbed6febf3078b73d900e6bb
workflow:
    workflowVersion: 1.0.0
    speakeasyVersion: latest
    sources:
        Mollie API:
            inputs:
                - location: https://raw.githubusercontent.com/mollie/openapi-specs/main/specs.yaml
            registry:
                location: registry.speakeasyapi.dev/mollie-oom/mollie/mollie-api
    targets:
        client:
            target: python
            source: Mollie API
            publish:
                pypi:
                    token: $pypi_token
            codeSamples:
                registry:
                    location: registry.speakeasyapi.dev/mollie-oom/mollie/mollie-api-python-code-samples
                labelOverride:
                    fixedValue: Python (SDK)
                blocking: false
