speakeasyVersion: 1.797.0
sources:
    Mollie API:
        sourceNamespace: mollie-api
        sourceRevisionDigest: sha256:693932204966297931927f8b6cee8af1ecfc6a738b26526eaf9bb53e309eeb8f
        sourceBlobDigest: sha256:cc955aa54ab76eff3198bc1883c5c83d7d7da202aa84ebf02ba3fec1957622c4
        tags:
            - latest
            - 1.0.0
targets:
    client:
        source: Mollie API
        sourceNamespace: mollie-api
        sourceRevisionDigest: sha256:693932204966297931927f8b6cee8af1ecfc6a738b26526eaf9bb53e309eeb8f
        sourceBlobDigest: sha256:cc955aa54ab76eff3198bc1883c5c83d7d7da202aa84ebf02ba3fec1957622c4
        codeSamplesNamespace: mollie-api-python-code-samples
        codeSamplesRevisionDigest: sha256:1de598229f85835110b24ef865cdb6fac1b7f2aaa5be773ef2a2bbb326b08267
workflow:
    workflowVersion: 1.0.0
    speakeasyVersion: latest
    sources:
        Mollie API:
            inputs:
                - location: https://raw.githubusercontent.com/mollie/openapi-specs/main/specs.yaml
            registry:
                location: registry.speakeasyapi.dev/mollie-oom/mollie/mollie-api
    targets:
        client:
            target: python
            source: Mollie API
            publish:
                pypi:
                    token: $pypi_token
            codeSamples:
                registry:
                    location: registry.speakeasyapi.dev/mollie-oom/mollie/mollie-api-python-code-samples
                labelOverride:
                    fixedValue: Python (SDK)
                blocking: false
