speakeasyVersion: 1.790.2
sources:
    Mollie API:
        sourceNamespace: mollie-api
        sourceRevisionDigest: sha256:37b85e23bab1bbf1f4308c69d3a550fcc0bff2eaf7c41a57b175fa5375013b0b
        sourceBlobDigest: sha256:4d79b8d0ff1aed1064effd70af0a69d24462d4d6238d978f9fcabaf7785ab7b2
        tags:
            - latest
            - 1.0.0
targets:
    client:
        source: Mollie API
        sourceNamespace: mollie-api
        sourceRevisionDigest: sha256:37b85e23bab1bbf1f4308c69d3a550fcc0bff2eaf7c41a57b175fa5375013b0b
        sourceBlobDigest: sha256:4d79b8d0ff1aed1064effd70af0a69d24462d4d6238d978f9fcabaf7785ab7b2
        codeSamplesNamespace: mollie-api-python-code-samples
        codeSamplesRevisionDigest: sha256:15e9465043f87f3508cba721d6e188fd99a241251e45a39824c003d1ba0a5674
workflow:
    workflowVersion: 1.0.0
    speakeasyVersion: latest
    sources:
        Mollie API:
            inputs:
                - location: https://raw.githubusercontent.com/mollie/openapi-specs/main/specs.yaml
            registry:
                location: registry.speakeasyapi.dev/mollie-oom/mollie/mollie-api
    targets:
        client:
            target: python
            source: Mollie API
            publish:
                pypi:
                    token: $pypi_token
            codeSamples:
                registry:
                    location: registry.speakeasyapi.dev/mollie-oom/mollie/mollie-api-python-code-samples
                labelOverride:
                    fixedValue: Python (SDK)
                blocking: false
